// !$*UTF8*$!
{
	archiveVersion = 1;
	classes = {
	};
	objectVersion = 48;
	objects = {

/* Begin PBXBuildFile section */
		6A9A88701FC548C6002CD813 /* AppDelegate.swift in Sources */ = {isa = PBXBuildFile; fileRef = 6A9A886F1FC548C6002CD813 /* AppDelegate.swift */; };
		6A9A88721FC548C6002CD813 /* Scene.sks in Resources */ = {isa = PBXBuildFile; fileRef = 6A9A88711FC548C6002CD813 /* Scene.sks */; };
		6A9A88741FC548C6002CD813 /* Scene.swift in Sources */ = {isa = PBXBuildFile; fileRef = 6A9A88731FC548C6002CD813 /* Scene.swift */; };
		6A9A88761FC548C6002CD813 /* ViewController.swift in Sources */ = {isa = PBXBuildFile; fileRef = 6A9A88751FC548C6002CD813 /* ViewController.swift */; };
		6A9A88791FC548C6002CD813 /* Main.storyboard in Resources */ = {isa = PBXBuildFile; fileRef = 6A9A88771FC548C6002CD813 /* Main.storyboard */; };
		6A9A887B1FC548C6002CD813 /* Assets.xcassets in Resources */ = {isa = PBXBuildFile; fileRef = 6A9A887A1FC548C6002CD813 /* Assets.xcassets */; };
		6A9A887E1FC548C6002CD813 /* LaunchScreen.storyboard in Resources */ = {isa = PBXBuildFile; fileRef = 6A9A887C1FC548C6002CD813 /* LaunchScreen.storyboard */; };
		6A9A88891FC548C6002CD813 /* HFARSpriteKitDemoTests.swift in Sources */ = {isa = PBXBuildFile; fileRef = 6A9A88881FC548C6002CD813 /* HFARSpriteKitDemoTests.swift */; };
		6A9A88941FC548C7002CD813 /* HFARSpriteKitDemoUITests.swift in Sources */ = {isa = PBXBuildFile; fileRef = 6A9A88931FC548C7002CD813 /* HFARSpriteKitDemoUITests.swift */; };
/* End PBXBuildFile section */

/* Begin PBXContainerItemProxy section */
		6A9A88851FC548C6002CD813 /* PBXContainerItemProxy */ = {
			isa = PBXContainerItemProxy;
			containerPortal = 6A9A88641FC548C6002CD813 /* Project object */;
			proxyType = 1;
			remoteGlobalIDString = 6A9A886B1FC548C6002CD813;
			remoteInfo = HFARSpriteKitDemo;
		};
		6A9A88901FC548C7002CD813 /* PBXContainerItemProxy */ = {
			isa = PBXContainerItemProxy;
			containerPortal = 6A9A88641FC548C6002CD813 /* Project object */;
			proxyType = 1;
			remoteGlobalIDString = 6A9A886B1FC548C6002CD813;
			remoteInfo = HFARSpriteKitDemo;
		};
/* End PBXContainerItemProxy section */

/* Begin PBXFileReference section */
		6A9A886C1FC548C6002CD813 /* HFARSpriteKitDemo.app */ = {isa = PBXFileReference; explicitFileType = wrapper.application; includeInIndex = 0; path = HFARSpriteKitDemo.app; sourceTree = BUILT_PRODUCTS_DIR; };
		6A9A886F1FC548C6002CD813 /* AppDelegate.swift */ = {isa = PBXFileReference; lastKnownFileType = sourcecode.swift; path = AppDelegate.swift; sourceTree = "<group>"; };
		6A9A88711FC548C6002CD813 /* Scene.sks */ = {isa = PBXFileReference; lastKnownFileType = file.sks; path = Scene.sks; sourceTree = "<group>"; };
		6A9A88731FC548C6002CD813 /* Scene.swift */ = {isa = PBXFileReference; lastKnownFileType = sourcecode.swift; path = Scene.swift; sourceTree = "<group>"; };
		6A9A88751FC548C6002CD813 /* ViewController.swift */ = {isa = PBXFileReference; lastKnownFileType = sourcecode.swift; path = ViewController.swift; sourceTree = "<group>"; };
		6A9A88781FC548C6002CD813 /* Base */ = {isa = PBXFileReference; lastKnownFileType = file.storyboard; name = Base; path = Base.lproj/Main.storyboard; sourceTree = "<group>"; };
		6A9A887A1FC548C6002CD813 /* Assets.xcassets */ = {isa = PBXFileReference; lastKnownFileType = folder.assetcatalog; path = Assets.xcassets; sourceTree = "<group>"; };
		6A9A887D1FC548C6002CD813 /* Base */ = {isa = PBXFileReference; lastKnownFileType = file.storyboard; name = Base; path = Base.lproj/LaunchScreen.storyboard; sourceTree = "<group>"; };
		6A9A887F1FC548C6002CD813 /* Info.plist */ = {isa = PBXFileReference; lastKnownFileType = text.plist.xml; path = Info.plist; sourceTree = "<group>"; };
		6A9A88841FC548C6002CD813 /* HFARSpriteKitDemoTests.xctest */ = {isa = PBXFileReference; explicitFileType = wrapper.cfbundle; includeInIndex = 0; path = HFARSpriteKitDemoTests.xctest; sourceTree = BUILT_PRODUCTS_DIR; };
		6A9A88881FC548C6002CD813 /* HFARSpriteKitDemoTests.swift */ = {isa = PBXFileReference; lastKnownFileType = sourcecode.swift; path = HFARSpriteKitDemoTests.swift; sourceTree = "<group>"; };
		6A9A888A1FC548C6002CD813 /* Info.plist */ = {isa = PBXFileReference; lastKnownFileType = text.plist.xml; path = Info.plist; sourceTree = "<group>"; };
		6A9A888F1FC548C7002CD813 /* HFARSpriteKitDemoUITests.xctest */ = {isa = PBXFileReference; explicitFileType = wrapper.cfbundle; includeInIndex = 0; path = HFARSpriteKitDemoUITests.xctest; sourceTree = BUILT_PRODUCTS_DIR; };
		6A9A88931FC548C7002CD813 /* HFARSpriteKitDemoUITests.swift */ = {isa = PBXFileReference; lastKnownFileType = sourcecode.swift; path = HFARSpriteKitDemoUITests.swift; sourceTree = "<group>"; };
		6A9A88951FC548C7002CD813 /* Info.plist */ = {isa = PBXFileReference; lastKnownFileType = text.plist.xml; path = Info.plist; sourceTree = "<group>"; };
/* End PBXFileReference section */

/* Begin PBXFrameworksBuildPhase section */
		6A9A88691FC548C6002CD813 /* Frameworks */ = {
			isa = PBXFrameworksBuildPhase;
			buildActionMask = 2147483647;
			files = (
			);
			runOnlyForDeploymentPostprocessing = 0;
		};
		6A9A88811FC548C6002CD813 /* Frameworks */ = {
			isa = PBXFrameworksBuildPhase;
			buildActionMask = 2147483647;
			files = (
			);
			runOnlyForDeploymentPostprocessing = 0;
		};
		6A9A888C1FC548C7002CD813 /* Frameworks */ = {
			isa = PBXFrameworksBuildPhase;
			buildActionMask = 2147483647;
			files = (
			);
			runOnlyForDeploymentPostprocessing = 0;
		};
/* End PBXFrameworksBuildPhase section */

/* Begin PBXGroup section */
		6A9A88631FC548C6002CD813 = {
			isa = PBXGroup;
			children = (
				6A9A886E1FC548C6002CD813 /* HFARSpriteKitDemo */,
				6A9A88871FC548C6002CD813 /* HFARSpriteKitDemoTests */,
				6A9A88921FC548C7002CD813 /* HFARSpriteKitDemoUITests */,
				6A9A886D1FC548C6002CD813 /* Products */,
			);
			sourceTree = "<group>";
		};
		6A9A886D1FC548C6002CD813 /* Products */ = {
			isa = PBXGroup;
			children = (
				6A9A886C1FC548C6002CD813 /* HFARSpriteKitDemo.app */,
				6A9A88841FC548C6002CD813 /* HFARSpriteKitDemoTests.xctest */,
				6A9A888F1FC548C7002CD813 /* HFARSpriteKitDemoUITests.xctest */,
			);
			name = Products;
			sourceTree = "<group>";
		};
		6A9A886E1FC548C6002CD813 /* HFARSpriteKitDemo */ = {
			isa = PBXGroup;
			children = (
				6A9A886F1FC548C6002CD813 /* AppDelegate.swift */,
				6A9A88711FC548C6002CD813 /* Scene.sks */,
				6A9A88731FC548C6002CD813 /* Scene.swift */,
				6A9A88751FC548C6002CD813 /* ViewController.swift */,
				6A9A88771FC548C6002CD813 /* Main.storyboard */,
				6A9A887A1FC548C6002CD813 /* Assets.xcassets */,
				6A9A887C1FC548C6002CD813 /* LaunchScreen.storyboard */,
				6A9A887F1FC548C6002CD813 /* Info.plist */,
			);
			path = HFARSpriteKitDemo;
			sourceTree = "<group>";
		};
		6A9A88871FC548C6002CD813 /* HFARSpriteKitDemoTests */ = {
			isa = PBXGroup;
			children = (
				6A9A88881FC548C6002CD813 /* HFARSpriteKitDemoTests.swift */,
				6A9A888A1FC548C6002CD813 /* Info.plist */,
			);
			path = HFARSpriteKitDemoTests;
			sourceTree = "<group>";
		};
		6A9A88921FC548C7002CD813 /* HFARSpriteKitDemoUITests */ = {
			isa = PBXGroup;
			children = (
				6A9A88931FC548C7002CD813 /* HFARSpriteKitDemoUITests.swift */,
				6A9A88951FC548C7002CD813 /* Info.plist */,
			);
			path = HFARSpriteKitDemoUITests;
			sourceTree = "<group>";
		};
/* End PBXGroup section */

/* Begin PBXNativeTarget section */
		6A9A886B1FC548C6002CD813 /* HFARSpriteKitDemo */ = {
			isa = PBXNativeTarget;
			buildConfigurationList = 6A9A88981FC548C7002CD813 /* Build configuration list for PBXNativeTarget "HFARSpriteKitDemo" */;
			buildPhases = (
				6A9A88681FC548C6002CD813 /* Sources */,
				6A9A88691FC548C6002CD813 /* Frameworks */,
				6A9A886A1FC548C6002CD813 /* Resources */,
			);
			buildRules = (
			);
			dependencies = (
			);
			name = HFARSpriteKitDemo;
			productName = HFARSpriteKitDemo;
			productReference = 6A9A886C1FC548C6002CD813 /* HFARSpriteKitDemo.app */;
			productType = "com.apple.product-type.application";
		};
		6A9A88831FC548C6002CD813 /* HFARSpriteKitDemoTests */ = {
			isa = PBXNativeTarget;
			buildConfigurationList = 6A9A889B1FC548C7002CD813 /* Build configuration list for PBXNativeTarget "HFARSpriteKitDemoTests" */;
			buildPhases = (
				6A9A88801FC548C6002CD813 /* Sources */,
				6A9A88811FC548C6002CD813 /* Frameworks */,
				6A9A88821FC548C6002CD813 /* Resources */,
			);
			buildRules = (
			);
			dependencies = (
				6A9A88861FC548C6002CD813 /* PBXTargetDependency */,
			);
			name = HFARSpriteKitDemoTests;
			productName = HFARSpriteKitDemoTests;
			productReference = 6A9A88841FC548C6002CD813 /* HFARSpriteKitDemoTests.xctest */;
			productType = "com.apple.product-type.bundle.unit-test";
		};
		6A9A888E1FC548C7002CD813 /* HFARSpriteKitDemoUITests */ = {
			isa = PBXNativeTarget;
			buildConfigurationList = 6A9A889E1FC548C7002CD813 /* Build configuration list for PBXNativeTarget "HFARSpriteKitDemoUITests" */;
			buildPhases = (
				6A9A888B1FC548C7002CD813 /* Sources */,
				6A9A888C1FC548C7002CD813 /* Frameworks */,
				6A9A888D1FC548C7002CD813 /* Resources */,
			);
			buildRules = (
			);
			dependencies = (
				6A9A88911FC548C7002CD813 /* PBXTargetDependency */,
			);
			name = HFARSpriteKitDemoUITests;
			productName = HFARSpriteKitDemoUITests;
			productReference = 6A9A888F1FC548C7002CD813 /* HFARSpriteKitDemoUITests.xctest */;
			productType = "com.apple.product-type.bundle.ui-testing";
		};
/* End PBXNativeTarget section */

/* Begin PBXProject section */
		6A9A88641FC548C6002CD813 /* Project object */ = {
			isa = PBXProject;
			attributes = {
				LastSwiftUpdateCheck = 0910;
				LastUpgradeCheck = 0910;
				ORGANIZATIONNAME = hanfeng;
				TargetAttributes = {
					6A9A886B1FC548C6002CD813 = {
						CreatedOnToolsVersion = 9.1;
						ProvisioningStyle = Automatic;
					};
					6A9A88831FC548C6002CD813 = {
						CreatedOnToolsVersion = 9.1;
						ProvisioningStyle = Automatic;
						TestTargetID = 6A9A886B1FC548C6002CD813;
					};
					6A9A888E1FC548C7002CD813 = {
						CreatedOnToolsVersion = 9.1;
						ProvisioningStyle = Automatic;
						TestTargetID = 6A9A886B1FC548C6002CD813;
					};
				};
			};
			buildConfigurationList = 6A9A88671FC548C6002CD813 /* Build configuration list for PBXProject "HFARSpriteKitDemo" */;
			compatibilityVersion = "Xcode 8.0";
			developmentRegion = en;
			hasScannedForEncodings = 0;
			knownRegions = (
				en,
				Base,
			);
			mainGroup = 6A9A88631FC548C6002CD813;
			productRefGroup = 6A9A886D1FC548C6002CD813 /* Products */;
			projectDirPath = "";
			projectRoot = "";
			targets = (
				6A9A886B1FC548C6002CD813 /* HFARSpriteKitDemo */,
				6A9A88831FC548C6002CD813 /* HFARSpriteKitDemoTests */,
				6A9A888E1FC548C7002CD813 /* HFARSpriteKitDemoUITests */,
			);
		};
/* End PBXProject section */

/* Begin PBXResourcesBuildPhase section */
		6A9A886A1FC548C6002CD813 /* Resources */ = {
			isa = PBXResourcesBuildPhase;
			buildActionMask = 2147483647;
			files = (
				6A9A88721FC548C6002CD813 /* Scene.sks in Resources */,
				6A9A887E1FC548C6002CD813 /* LaunchScreen.storyboard in Resources */,
				6A9A887B1FC548C6002CD813 /* Assets.xcassets in Resources */,
				6A9A88791FC548C6002CD813 /* Main.storyboard in Resources */,
			);
			runOnlyForDeploymentPostprocessing = 0;
		};
		6A9A88821FC548C6002CD813 /* Resources */ = {
			isa = PBXResourcesBuildPhase;
			buildActionMask = 2147483647;
			files = (
			);
			runOnlyForDeploymentPostprocessing = 0;
		};
		6A9A888D1FC548C7002CD813 /* Resources */ = {
			isa = PBXResourcesBuildPhase;
			buildActionMask = 2147483647;
			files = (
			);
			runOnlyForDeploymentPostprocessing = 0;
		};
/* End PBXResourcesBuildPhase section */

/* Begin PBXSourcesBuildPhase section */
		6A9A88681FC548C6002CD813 /* Sources */ = {
			isa = PBXSourcesBuildPhase;
			buildActionMask = 2147483647;
			files = (
				6A9A88761FC548C6002CD813 /* ViewController.swift in Sources */,
				6A9A88741FC548C6002CD813 /* Scene.swift in Sources */,
				6A9A88701FC548C6002CD813 /* AppDelegate.swift in Sources */,
			);
			runOnlyForDeploymentPostprocessing = 0;
		};
		6A9A88801FC548C6002CD813 /* Sources */ = {
			isa = PBXSourcesBuildPhase;
			buildActionMask = 2147483647;
			files = (
				6A9A88891FC548C6002CD813 /* HFARSpriteKitDemoTests.swift in Sources */,
			);
			runOnlyForDeploymentPostprocessing = 0;
		};
		6A9A888B1FC548C7002CD813 /* Sources */ = {
			isa = PBXSourcesBuildPhase;
			buildActionMask = 2147483647;
			files = (
				6A9A88941FC548C7002CD813 /* HFARSpriteKitDemoUITests.swift in Sources */,
			);
			runOnlyForDeploymentPostprocessing = 0;
		};
/* End PBXSourcesBuildPhase section */

/* Begin PBXTargetDependency section */
		6A9A88861FC548C6002CD813 /* PBXTargetDependency */ = {
			isa = PBXTargetDependency;
			target = 6A9A886B1FC548C6002CD813 /* HFARSpriteKitDemo */;
			targetProxy = 6A9A88851FC548C6002CD813 /* PBXContainerItemProxy */;
		};
		6A9A88911FC548C7002CD813 /* PBXTargetDependency */ = {
			isa = PBXTargetDependency;
			target = 6A9A886B1FC548C6002CD813 /* HFARSpriteKitDemo */;
			targetProxy = 6A9A88901FC548C7002CD813 /* PBXContainerItemProxy */;
		};
/* End PBXTargetDependency section */

/* Begin PBXVariantGroup section */
		6A9A88771FC548C6002CD813 /* Main.storyboard */ = {
			isa = PBXVariantGroup;
			children = (
				6A9A88781FC548C6002CD813 /* Base */,
			);
			name = Main.storyboard;
			sourceTree = "<group>";
		};
		6A9A887C1FC548C6002CD813 /* LaunchScreen.storyboard */ = {
			isa = PBXVariantGroup;
			children = (
				6A9A887D1FC548C6002CD813 /* Base */,
			);
			name = LaunchScreen.storyboard;
			sourceTree = "<group>";
		};
/* End PBXVariantGroup section */

/* Begin XCBuildConfiguration section */
		6A9A88961FC548C7002CD813 /* Debug */ = {
			isa = XCBuildConfiguration;
			buildSettings = {
				ALWAYS_SEARCH_USER_PATHS = NO;
				CLANG_ANALYZER_NONNULL = YES;
				CLANG_ANALYZER_NUMBER_OBJECT_CONVERSION = YES_AGGRESSIVE;
				CLANG_CXX_LANGUAGE_STANDARD = "gnu++14";
				CLANG_CXX_LIBRARY = "libc++";
				CLANG_ENABLE_MODULES = YES;
				CLANG_ENABLE_OBJC_ARC = YES;
				CLANG_WARN_BLOCK_CAPTURE_AUTORELEASING = YES;
				CLANG_WARN_BOOL_CONVERSION = YES;
				CLANG_WARN_COMMA = YES;
				CLANG_WARN_CONSTANT_CONVERSION = YES;
				CLANG_WARN_DIRECT_OBJC_ISA_USAGE = YES_ERROR;
				CLANG_WARN_DOCUMENTATION_COMMENTS = YES;
				CLANG_WARN_EMPTY_BODY = YES;
				CLANG_WARN_ENUM_CONVERSION = YES;
				CLANG_WARN_INFINITE_RECURSION = YES;
				CLANG_WARN_INT_CONVERSION = YES;
				CLANG_WARN_NON_LITERAL_NULL_CONVERSION = YES;
				CLANG_WARN_OBJC_LITERAL_CONVERSION = YES;
				CLANG_WARN_OBJC_ROOT_CLASS = YES_ERROR;
				CLANG_WARN_RANGE_LOOP_ANALYSIS = YES;
				CLANG_WARN_STRICT_PROTOTYPES = YES;
				CLANG_WARN_SUSPICIOUS_MOVE = YES;
				CLANG_WARN_UNGUARDED_AVAILABILITY = YES_AGGRESSIVE;
				CLANG_WARN_UNREACHABLE_CODE = YES;
				CLANG_WARN__DUPLICATE_METHOD_MATCH = YES;
				CODE_SIGN_IDENTITY = "iPhone Developer";
				COPY_PHASE_STRIP = NO;
				DEBUG_INFORMATION_FORMAT = dwarf;
				ENABLE_STRICT_OBJC_MSGSEND = YES;
				ENABLE_TESTABILITY = YES;
				GCC_C_LANGUAGE_STANDARD = gnu11;
				GCC_DYNAMIC_NO_PIC = NO;
				GCC_NO_COMMON_BLOCKS = YES;
				GCC_OPTIMIZATION_LEVEL = 0;
				GCC_PREPROCESSOR_DEFINITIONS = (
					"DEBUG=1",
					"$(inherited)",
				);
				GCC_WARN_64_TO_32_BIT_CONVERSION = YES;
				GCC_WARN_ABOUT_RETURN_TYPE = YES_ERROR;
				GCC_WARN_UNDECLARED_SELECTOR = YES;
				GCC_WARN_UNINITIALIZED_AUTOS = YES_AGGRESSIVE;
				GCC_WARN_UNUSED_FUNCTION = YES;
				GCC_WARN_UNUSED_VARIABLE = YES;
				IPHONEOS_DEPLOYMENT_TARGET = 11.1;
				MTL_ENABLE_DEBUG_INFO = YES;
				ONLY_ACTIVE_ARCH = YES;
				SDKROOT = iphoneos;
				SWIFT_ACTIVE_COMPILATION_CONDITIONS = DEBUG;
				SWIFT_OPTIMIZATION_LEVEL = "-Onone";
			};
			name = Debug;
		};
		6A9A88971FC548C7002CD813 /* Release */ = {
			isa = XCBuildConfiguration;
			buildSettings = {
				ALWAYS_SEARCH_USER_PATHS = NO;
				CLANG_ANALYZER_NONNULL = YES;
				CLANG_ANALYZER_NUMBER_OBJECT_CONVERSION = YES_AGGRESSIVE;
				CLANG_CXX_LANGUAGE_STANDARD = "gnu++14";
				CLANG_CXX_LIBRARY = "libc++";
				CLANG_ENABLE_MODULES = YES;
				CLANG_ENABLE_OBJC_ARC = YES;
				CLANG_WARN_BLOCK_CAPTURE_AUTORELEASING = YES;
				CLANG_WARN_BOOL_CONVERSION = YES;
				CLANG_WARN_COMMA = YES;
				CLANG_WARN_CONSTANT_CONVERSION = YES;
				CLANG_WARN_DIRECT_OBJC_ISA_USAGE = YES_ERROR;
				CLANG_WARN_DOCUMENTATION_COMMENTS = YES;
				CLANG_WARN_EMPTY_BODY = YES;
				CLANG_WARN_ENUM_CONVERSION = YES;
				CLANG_WARN_INFINITE_RECURSION = YES;
				CLANG_WARN_INT_CONVERSION = YES;
				CLANG_WARN_NON_LITERAL_NULL_CONVERSION = YES;
				CLANG_WARN_OBJC_LITERAL_CONVERSION = YES;
				CLANG_WARN_OBJC_ROOT_CLASS = YES_ERROR;
				CLANG_WARN_RANGE_LOOP_ANALYSIS = YES;
				CLANG_WARN_STRICT_PROTOTYPES = YES;
				CLANG_WARN_SUSPICIOUS_MOVE = YES;
				CLANG_WARN_UNGUARDED_AVAILABILITY = YES_AGGRESSIVE;
				CLANG_WARN_UNREACHABLE_CODE = YES;
				CLANG_WARN__DUPLICATE_METHOD_MATCH = YES;
				CODE_SIGN_IDENTITY = "iPhone Developer";
				COPY_PHASE_STRIP = NO;
				DEBUG_INFORMATION_FORMAT = "dwarf-with-dsym";
				ENABLE_NS_ASSERTIONS = NO;
				ENABLE_STRICT_OBJC_MSGSEND = YES;
				GCC_C_LANGUAGE_STANDARD = gnu11;
				GCC_NO_COMMON_BLOCKS = YES;
				GCC_WARN_64_TO_32_BIT_CONVERSION = YES;
				GCC_WARN_ABOUT_RETURN_TYPE = YES_ERROR;
				GCC_WARN_UNDECLARED_SELECTOR = YES;
				GCC_WARN_UNINITIALIZED_AUTOS = YES_AGGRESSIVE;
				GCC_WARN_UNUSED_FUNCTION = YES;
				GCC_WARN_UNUSED_VARIABLE = YES;
				IPHONEOS_DEPLOYMENT_TARGET = 11.1;
				MTL_ENABLE_DEBUG_INFO = NO;
				SDKROOT = iphoneos;
				SWIFT_OPTIMIZATION_LEVEL = "-Owholemodule";
				VALIDATE_PRODUCT = YES;
			};
			name = Release;
		};
		6A9A88991FC548C7002CD813 /* Debug */ = {
			isa = XCBuildConfiguration;
			buildSettings = {
				ASSETCATALOG_COMPILER_APPICON_NAME = AppIcon;
				CODE_SIGN_STYLE = Automatic;
				DEVELOPMENT_TEAM = 39R6VHSDLS;
				INFOPLIST_FILE = HFARSpriteKitDemo/Info.plist;
				LD_RUNPATH_SEARCH_PATHS = "$(inherited) @executable_path/Frameworks";
				PRODUCT_BUNDLE_IDENTIFIER = zzuli.cn.HFARSpriteKitDemo;
				PRODUCT_NAME = "$(TARGET_NAME)";
				SWIFT_VERSION = 4.0;
				TARGETED_DEVICE_FAMILY = "1,2";
			};
			name = Debug;
		};
		6A9A889A1FC548C7002CD813 /* Release */ = {
			isa = XCBuildConfiguration;
			buildSettings = {
				ASSETCATALOG_COMPILER_APPICON_NAME = AppIcon;
				CODE_SIGN_STYLE = Automatic;
				DEVELOPMENT_TEAM = 39R6VHSDLS;
				INFOPLIST_FILE = HFARSpriteKitDemo/Info.plist;
				LD_RUNPATH_SEARCH_PATHS = "$(inherited) @executable_path/Frameworks";
				PRODUCT_BUNDLE_IDENTIFIER = zzuli.cn.HFARSpriteKitDemo;
				PRODUCT_NAME = "$(TARGET_NAME)";
				SWIFT_VERSION = 4.0;
				TARGETED_DEVICE_FAMILY = "1,2";
			};
			name = Release;
		};
		6A9A889C1FC548C7002CD813 /* Debug */ = {
			isa = XCBuildConfiguration;
			buildSettings = {
				ALWAYS_EMBED_SWIFT_STANDARD_LIBRARIES = YES;
				BUNDLE_LOADER = "$(TEST_HOST)";
				CODE_SIGN_STYLE = Automatic;
				DEVELOPMENT_TEAM = 39R6VHSDLS;
				INFOPLIST_FILE = HFARSpriteKitDemoTests/Info.plist;
				LD_RUNPATH_SEARCH_PATHS = "$(inherited) @executable_path/Frameworks @loader_path/Frameworks";
				PRODUCT_BUNDLE_IDENTIFIER = zzuli.cn.HFARSpriteKitDemoTests;
				PRODUCT_NAME = "$(TARGET_NAME)";
				SWIFT_VERSION = 4.0;
				TARGETED_DEVICE_FAMILY = "1,2";
				TEST_HOST = "$(BUILT_PRODUCTS_DIR)/HFARSpriteKitDemo.app/HFARSpriteKitDemo";
			};
			name = Debug;
		};
		6A9A889D1FC548C7002CD813 /* Release */ = {
			isa = XCBuildConfiguration;
			buildSettings = {
				ALWAYS_EMBED_SWIFT_STANDARD_LIBRARIES = YES;
				BUNDLE_LOADER = "$(TEST_HOST)";
				CODE_SIGN_STYLE = Automatic;
				DEVELOPMENT_TEAM = 39R6VHSDLS;
				INFOPLIST_FILE = HFARSpriteKitDemoTests/Info.plist;
				LD_RUNPATH_SEARCH_PATHS = "$(inherited) @executable_path/Frameworks @loader_path/Frameworks";
				PRODUCT_BUNDLE_IDENTIFIER = zzuli.cn.HFARSpriteKitDemoTests;
				PRODUCT_NAME = "$(TARGET_NAME)";
				SWIFT_VERSION = 4.0;
				TARGETED_DEVICE_FAMILY = "1,2";
				TEST_HOST = "$(BUILT_PRODUCTS_DIR)/HFARSpriteKitDemo.app/HFARSpriteKitDemo";
			};
			name = Release;
		};
		6A9A889F1FC548C7002CD813 /* Debug */ = {
			isa = XCBuildConfiguration;
			buildSettings = {
				ALWAYS_EMBED_SWIFT_STANDARD_LIBRARIES = YES;
				CODE_SIGN_STYLE = Automatic;
				DEVELOPMENT_TEAM = 39R6VHSDLS;
				INFOPLIST_FILE = HFARSpriteKitDemoUITests/Info.plist;
				LD_RUNPATH_SEARCH_PATHS = "$(inherited) @executable_path/Frameworks @loader_path/Frameworks";
				PRODUCT_BUNDLE_IDENTIFIER = zzuli.cn.HFARSpriteKitDemoUITests;
				PRODUCT_NAME = "$(TARGET_NAME)";
				SWIFT_VERSION = 4.0;
				TARGETED_DEVICE_FAMILY = "1,2";
				TEST_TARGET_NAME = HFARSpriteKitDemo;
			};
			name = Debug;
		};
		6A9A88A01FC548C7002CD813 /* Release */ = {
			isa = XCBuildConfiguration;
			buildSettings = {
				ALWAYS_EMBED_SWIFT_STANDARD_LIBRARIES = YES;
				CODE_SIGN_STYLE = Automatic;
				DEVELOPMENT_TEAM = 39R6VHSDLS;
				INFOPLIST_FILE = HFARSpriteKitDemoUITests/Info.plist;
				LD_RUNPATH_SEARCH_PATHS = "$(inherited) @executable_path/Frameworks @loader_path/Frameworks";
				PRODUCT_BUNDLE_IDENTIFIER = zzuli.cn.HFARSpriteKitDemoUITests;
				PRODUCT_NAME = "$(TARGET_NAME)";
				SWIFT_VERSION = 4.0;
				TARGETED_DEVICE_FAMILY = "1,2";
				TEST_TARGET_NAME = HFARSpriteKitDemo;
			};
			name = Release;
		};
/* End XCBuildConfiguration section */

/* Begin XCConfigurationList section */
		6A9A88671FC548C6002CD813 /* Build configuration list for PBXProject "HFARSpriteKitDemo" */ = {
			isa = XCConfigurationList;
			buildConfigurations = (
				6A9A88961FC548C7002CD813 /* Debug */,
				6A9A88971FC548C7002CD813 /* Release */,
			);
			defaultConfigurationIsVisible = 0;
			defaultConfigurationName = Release;
		};
		6A9A88981FC548C7002CD813 /* Build configuration list for PBXNativeTarget "HFARSpriteKitDemo" */ = {
			isa = XCConfigurationList;
			buildConfigurations = (
				6A9A88991FC548C7002CD813 /* Debug */,
				6A9A889A1FC548C7002CD813 /* Release */,
			);
			defaultConfigurationIsVisible = 0;
			defaultConfigurationName = Release;
		};
		6A9A889B1FC548C7002CD813 /* Build configuration list for PBXNativeTarget "HFARSpriteKitDemoTests" */ = {
			isa = XCConfigurationList;
			buildConfigurations = (
				6A9A889C1FC548C7002CD813 /* Debug */,
				6A9A889D1FC548C7002CD813 /* Release */,
			);
			defaultConfigurationIsVisible = 0;
			defaultConfigurationName = Release;
		};
		6A9A889E1FC548C7002CD813 /* Build configuration list for PBXNativeTarget "HFARSpriteKitDemoUITests" */ = {
			isa = XCConfigurationList;
			buildConfigurations = (
				6A9A889F1FC548C7002CD813 /* Debug */,
				6A9A88A01FC548C7002CD813 /* Release */,
			);
			defaultConfigurationIsVisible = 0;
			defaultConfigurationName = Release;
		};
/* End XCConfigurationList section */
	};
	rootObject = 6A9A88641FC548C6002CD813 /* Project object */;
}
